// !$*UTF8*$!
{
	archiveVersion = 1;
	classes = {
	};
	objectVersion = 46;
	objects = {

/* Begin PBXBuildFile section */
		BA549EC71BC4CFD900F9F374 /* main.m in Sources */ = {isa = PBXBuildFile; fileRef = BA549EC61BC4CFD900F9F374 /* main.m */; };
		BA549ECA1BC4CFD900F9F374 /* AppDelegate.m in Sources */ = {isa = PBXBuildFile; fileRef = BA549EC91BC4CFD900F9F374 /* AppDelegate.m */; };
		BA549ECD1BC4CFD900F9F374 /* ViewController.m in Sources */ = {isa = PBXBuildFile; fileRef = BA549ECC1BC4CFD900F9F374 /* ViewController.m */; };
		BA549ED01BC4CFD900F9F374 /* Main.storyboard in Resources */ = {isa = PBXBuildFile; fileRef = BA549ECE1BC4CFD900F9F374 /* Main.storyboard */; };
		BA549ED21BC4CFD900F9F374 /* Assets.xcassets in Resources */ = {isa = PBXBuildFile; fileRef = BA549ED11BC4CFD900F9F374 /* Assets.xcassets */; };
		BA549ED51BC4CFD900F9F374 /* LaunchScreen.storyboard in Resources */ = {isa = PBXBuildFile; fileRef = BA549ED31BC4CFD900F9F374 /* LaunchScreen.storyboard */; };
		BA549EDE1BC4D0EE00F9F374 /* UIButton+Sound.m in Sources */ = {isa = PBXBuildFile; fileRef = BA549EDD1BC4D0EE00F9F374 /* UIButton+Sound.m */; settings = {ASSET_TAGS = (); }; };
/* End PBXBuildFile section */

/* Begin PBXFileReference section */
		BA549EC21BC4CFD900F9F374 /* HackUIButton.app */ = {isa = PBXFileReference; explicitFileType = wrapper.application; includeInIndex = 0; path = HackUIButton.app; sourceTree = BUILT_PRODUCTS_DIR; };
		BA549EC61BC4CFD900F9F374 /* main.m */ = {isa = PBXFileReference; lastKnownFileType = sourcecode.c.objc; path = main.m; sourceTree = "<group>"; };
		BA549EC81BC4CFD900F9F374 /* AppDelegate.h */ = {isa = PBXFileReference; lastKnownFileType = sourcecode.c.h; path = AppDelegate.h; sourceTree = "<group>"; };
		BA549EC91BC4CFD900F9F374 /* AppDelegate.m */ = {isa = PBXFileReference; lastKnownFileType = sourcecode.c.objc; path = AppDelegate.m; sourceTree = "<group>"; };
		BA549ECB1BC4CFD900F9F374 /* ViewController.h */ = {isa = PBXFileReference; lastKnownFileType = sourcecode.c.h; path = ViewController.h; sourceTree = "<group>"; };
		BA549ECC1BC4CFD900F9F374 /* ViewController.m */ = {isa = PBXFileReference; lastKnownFileType = sourcecode.c.objc; path = ViewController.m; sourceTree = "<group>"; };
		BA549ECF1BC4CFD900F9F374 /* Base */ = {isa = PBXFileReference; lastKnownFileType = file.storyboard; name = Base; path = Base.lproj/Main.storyboard; sourceTree = "<group>"; };
		BA549ED11BC4CFD900F9F374 /* Assets.xcassets */ = {isa = PBXFileReference; lastKnownFileType = folder.assetcatalog; path = Assets.xcassets; sourceTree = "<group>"; };
		BA549ED41BC4CFD900F9F374 /* Base */ = {isa = PBXFileReference; lastKnownFileType = file.storyboard; name = Base; path = Base.lproj/LaunchScreen.storyboard; sourceTree = "<group>"; };
		BA549ED61BC4CFD900F9F374 /* Info.plist */ = {isa = PBXFileReference; lastKnownFileType = text.plist.xml; path = Info.plist; sourceTree = "<group>"; };
		BA549EDC1BC4D0EE00F9F374 /* UIButton+Sound.h */ = {isa = PBXFileReference; fileEncoding = 4; lastKnownFileType = sourcecode.c.h; path = "UIButton+Sound.h"; sourceTree = "<group>"; };
		BA549EDD1BC4D0EE00F9F374 /* UIButton+Sound.m */ = {isa = PBXFileReference; fileEncoding = 4; lastKnownFileType = sourcecode.c.objc; path = "UIButton+Sound.m"; sourceTree = "<group>"; };
/* End PBXFileReference section */

/* Begin PBXFrameworksBuildPhase section */
		BA549EBF1BC4CFD900F9F374 /* Frameworks */ = {
			isa = PBXFrameworksBuildPhase;
			buildActionMask = 2147483647;
			files = (
			);
			runOnlyForDeploymentPostprocessing = 0;
		};
/* End PBXFrameworksBuildPhase section */

/* Begin PBXGroup section */
		BA549EB91BC4CFD900F9F374 = {
			isa = PBXGroup;
			children = (
				BA549EC41BC4CFD900F9F374 /* HackUIButton */,
				BA549EC31BC4CFD900F9F374 /* Products */,
			);
			sourceTree = "<group>";
		};
		BA549EC31BC4CFD900F9F374 /* Products */ = {
			isa = PBXGroup;
			children = (
				BA549EC21BC4CFD900F9F374 /* HackUIButton.app */,
			);
			name = Products;
			sourceTree = "<group>";
		};
		BA549EC41BC4CFD900F9F374 /* HackUIButton */ = {
			isa = PBXGroup;
			children = (
				BA549EC81BC4CFD900F9F374 /* AppDelegate.h */,
				BA549EC91BC4CFD900F9F374 /* AppDelegate.m */,
				BA549ECB1BC4CFD900F9F374 /* ViewController.h */,
				BA549ECC1BC4CFD900F9F374 /* ViewController.m */,
				BA549ECE1BC4CFD900F9F374 /* Main.storyboard */,
				BA549ED11BC4CFD900F9F374 /* Assets.xcassets */,
				BA549ED31BC4CFD900F9F374 /* LaunchScreen.storyboard */,
				BA549ED61BC4CFD900F9F374 /* Info.plist */,
				BA549EC51BC4CFD900F9F374 /* Supporting Files */,
				BA549EDC1BC4D0EE00F9F374 /* UIButton+Sound.h */,
				BA549EDD1BC4D0EE00F9F374 /* UIButton+Sound.m */,
			);
			path = HackUIButton;
			sourceTree = "<group>";
		};
		BA549EC51BC4CFD900F9F374 /* Supporting Files */ = {
			isa = PBXGroup;
			children = (
				BA549EC61BC4CFD900F9F374 /* main.m */,
			);
			name = "Supporting Files";
			sourceTree = "<group>";
		};
/* End PBXGroup section */

/* Begin PBXNativeTarget section */
		BA549EC11BC4CFD900F9F374 /* HackUIButton */ = {
			isa = PBXNativeTarget;
			buildConfigurationList = BA549ED91BC4CFD900F9F374 /* Build configuration list for PBXNativeTarget "HackUIButton" */;
			buildPhases = (
				BA549EBE1BC4CFD900F9F374 /* Sources */,
				BA549EBF1BC4CFD900F9F374 /* Frameworks */,
				BA549EC01BC4CFD900F9F374 /* Resources */,
			);
			buildRules = (
			);
			dependencies = (
			);
			name = HackUIButton;
			productName = HackUIButton;
			productReference = BA549EC21BC4CFD900F9F374 /* HackUIButton.app */;
			productType = "com.apple.product-type.application";
		};
/* End PBXNativeTarget section */

/* Begin PBXProject section */
		BA549EBA1BC4CFD900F9F374 /* Project object */ = {
			isa = PBXProject;
			attributes = {
				LastUpgradeCheck = 0700;
				ORGANIZATIONNAME = Fe;
				TargetAttributes = {
					BA549EC11BC4CFD900F9F374 = {
						CreatedOnToolsVersion = 7.0.1;
					};
				};
			};
			buildConfigurationList = BA549EBD1BC4CFD900F9F374 /* Build configuration list for PBXProject "HackUIButton" */;
			compatibilityVersion = "Xcode 3.2";
			developmentRegion = English;
			hasScannedForEncodings = 0;
			knownRegions = (
				en,
				Base,
			);
			mainGroup = BA549EB91BC4CFD900F9F374;
			productRefGroup = BA549EC31BC4CFD900F9F374 /* Products */;
			projectDirPath = "";
			projectRoot = "";
			targets = (
				BA549EC11BC4CFD900F9F374 /* HackUIButton */,
			);
		};
/* End PBXProject section */

/* Begin PBXResourcesBuildPhase section */
		BA549EC01BC4CFD900F9F374 /* Resources */ = {
			isa = PBXResourcesBuildPhase;
			buildActionMask = 2147483647;
			files = (
				BA549ED51BC4CFD900F9F374 /* LaunchScreen.storyboard in Resources */,
				BA549ED21BC4CFD900F9F374 /* Assets.xcassets in Resources */,
				BA549ED01BC4CFD900F9F374 /* Main.storyboard in Resources */,
			);
			runOnlyForDeploymentPostprocessing = 0;
		};
/* End PBXResourcesBuildPhase section */

/* Begin PBXSourcesBuildPhase section */
		BA549EBE1BC4CFD900F9F374 /* Sources */ = {
			isa = PBXSourcesBuildPhase;
			buildActionMask = 2147483647;
			files = (
				BA549ECD1BC4CFD900F9F374 /* ViewController.m in Sources */,
				BA549EDE1BC4D0EE00F9F374 /* UIButton+Sound.m in Sources */,
				BA549ECA1BC4CFD900F9F374 /* AppDelegate.m in Sources */,
				BA549EC71BC4CFD900F9F374 /* main.m in Sources */,
			);
			runOnlyForDeploymentPostprocessing = 0;
		};
/* End PBXSourcesBuildPhase section */

/* Begin PBXVariantGroup section */
		BA549ECE1BC4CFD900F9F374 /* Main.storyboard */ = {
			isa = PBXVariantGroup;
			children = (
				BA549ECF1BC4CFD900F9F374 /* Base */,
			);
			name = Main.storyboard;
			sourceTree = "<group>";
		};
		BA549ED31BC4CFD900F9F374 /* LaunchScreen.storyboard */ = {
			isa = PBXVariantGroup;
			children = (
				BA549ED41BC4CFD900F9F374 /* Base */,
			);
			name = LaunchScreen.storyboard;
			sourceTree = "<group>";
		};
/* End PBXVariantGroup section */

/* Begin XCBuildConfiguration section */
		BA549ED71BC4CFD900F9F374 /* Debug */ = {
			isa = XCBuildConfiguration;
			buildSettings = {
				ALWAYS_SEARCH_USER_PATHS = NO;
				CLANG_CXX_LANGUAGE_STANDARD = "gnu++0x";
				CLANG_CXX_LIBRARY = "libc++";
				CLANG_ENABLE_MODULES = YES;
				CLANG_ENABLE_OBJC_ARC = YES;
				CLANG_WARN_BOOL_CONVERSION = YES;
				CLANG_WARN_CONSTANT_CONVERSION = YES;
				CLANG_WARN_DIRECT_OBJC_ISA_USAGE = YES_ERROR;
				CLANG_WARN_EMPTY_BODY = YES;
				CLANG_WARN_ENUM_CONVERSION = YES;
				CLANG_WARN_INT_CONVERSION = YES;
				CLANG_WARN_OBJC_ROOT_CLASS = YES_ERROR;
				CLANG_WARN_UNREACHABLE_CODE = YES;
				CLANG_WARN__DUPLICATE_METHOD_MATCH = YES;
				"CODE_SIGN_IDENTITY[sdk=iphoneos*]" = "iPhone Developer";
				COPY_PHASE_STRIP = NO;
				DEBUG_INFORMATION_FORMAT = dwarf;
				ENABLE_STRICT_OBJC_MSGSEND = YES;
				ENABLE_TESTABILITY = YES;
				GCC_C_LANGUAGE_STANDARD = gnu99;
				GCC_DYNAMIC_NO_PIC = NO;
				GCC_NO_COMMON_BLOCKS = YES;
				GCC_OPTIMIZATION_LEVEL = 0;
				GCC_PREPROCESSOR_DEFINITIONS = (
					"DEBUG=1",
					"$(inherited)",
				);
				GCC_WARN_64_TO_32_BIT_CONVERSION = YES;
				GCC_WARN_ABOUT_RETURN_TYPE = YES_ERROR;
				GCC_WARN_UNDECLARED_SELECTOR = YES;
				GCC_WARN_UNINITIALIZED_AUTOS = YES_AGGRESSIVE;
				GCC_WARN_UNUSED_FUNCTION = YES;
				GCC_WARN_UNUSED_VARIABLE = YES;
				IPHONEOS_DEPLOYMENT_TARGET = 9.0;
				MTL_ENABLE_DEBUG_INFO = YES;
				ONLY_ACTIVE_ARCH = YES;
				SDKROOT = iphoneos;
			};
			name = Debug;
		};
		BA549ED81BC4CFD900F9F374 /* Release */ = {
			isa = XCBuildConfiguration;
			buildSettings = {
				ALWAYS_SEARCH_USER_PATHS = NO;
				CLANG_CXX_LANGUAGE_STANDARD = "gnu++0x";
				CLANG_CXX_LIBRARY = "libc++";
				CLANG_ENABLE_MODULES = YES;
				CLANG_ENABLE_OBJC_ARC = YES;
				CLANG_WARN_BOOL_CONVERSION = YES;
				CLANG_WARN_CONSTANT_CONVERSION = YES;
				CLANG_WARN_DIRECT_OBJC_ISA_USAGE = YES_ERROR;
				CLANG_WARN_EMPTY_BODY = YES;
				CLANG_WARN_ENUM_CONVERSION = YES;
				CLANG_WARN_INT_CONVERSION = YES;
				CLANG_WARN_OBJC_ROOT_CLASS = YES_ERROR;
				CLANG_WARN_UNREACHABLE_CODE = YES;
				CLANG_WARN__DUPLICATE_METHOD_MATCH = YES;
				"CODE_SIGN_IDENTITY[sdk=iphoneos*]" = "iPhone Developer";
				COPY_PHASE_STRIP = NO;
				DEBUG_INFORMATION_FORMAT = "dwarf-with-dsym";
				ENABLE_NS_ASSERTIONS = NO;
				ENABLE_STRICT_OBJC_MSGSEND = YES;
				GCC_C_LANGUAGE_STANDARD = gnu99;
				GCC_NO_COMMON_BLOCKS = YES;
				GCC_WARN_64_TO_32_BIT_CONVERSION = YES;
				GCC_WARN_ABOUT_RETURN_TYPE = YES_ERROR;
				GCC_WARN_UNDECLARED_SELECTOR = YES;
				GCC_WARN_UNINITIALIZED_AUTOS = YES_AGGRESSIVE;
				GCC_WARN_UNUSED_FUNCTION = YES;
				GCC_WARN_UNUSED_VARIABLE = YES;
				IPHONEOS_DEPLOYMENT_TARGET = 9.0;
				MTL_ENABLE_DEBUG_INFO = NO;
				SDKROOT = iphoneos;
				VALIDATE_PRODUCT = YES;
			};
			name = Release;
		};
		BA549EDA1BC4CFD900F9F374 /* Debug */ = {
			isa = XCBuildConfiguration;
			buildSettings = {
				ASSETCATALOG_COMPILER_APPICON_NAME = AppIcon;
				INFOPLIST_FILE = HackUIButton/Info.plist;
				LD_RUNPATH_SEARCH_PATHS = "$(inherited) @executable_path/Frameworks";
				PRODUCT_BUNDLE_IDENTIFIER = com.nghiatran.HackUIButton;
				PRODUCT_NAME = "$(TARGET_NAME)";
			};
			name = Debug;
		};
		BA549EDB1BC4CFD900F9F374 /* Release */ = {
			isa = XCBuildConfiguration;
			buildSettings = {
				ASSETCATALOG_COMPILER_APPICON_NAME = AppIcon;
				INFOPLIST_FILE = HackUIButton/Info.plist;
				LD_RUNPATH_SEARCH_PATHS = "$(inherited) @executable_path/Frameworks";
				PRODUCT_BUNDLE_IDENTIFIER = com.nghiatran.HackUIButton;
				PRODUCT_NAME = "$(TARGET_NAME)";
			};
			name = Release;
		};
/* End XCBuildConfiguration section */

/* Begin XCConfigurationList section */
		BA549EBD1BC4CFD900F9F374 /* Build configuration list for PBXProject "HackUIButton" */ = {
			isa = XCConfigurationList;
			buildConfigurations = (
				BA549ED71BC4CFD900F9F374 /* Debug */,
				BA549ED81BC4CFD900F9F374 /* Release */,
			);
			defaultConfigurationIsVisible = 0;
			defaultConfigurationName = Release;
		};
		BA549ED91BC4CFD900F9F374 /* Build configuration list for PBXNativeTarget "HackUIButton" */ = {
			isa = XCConfigurationList;
			buildConfigurations = (
				BA549EDA1BC4CFD900F9F374 /* Debug */,
				BA549EDB1BC4CFD900F9F374 /* Release */,
			);
			defaultConfigurationIsVisible = 0;
		};
/* End XCConfigurationList section */
	};
	rootObject = BA549EBA1BC4CFD900F9F374 /* Project object */;
}
